
Microsoft Visual Studio Solution File, Format Version 12.00
# Visual Studio 15
VisualStudioVersion = 15.0.28306.52
MinimumVisualStudioVersion = 10.0.40219.1
Project("{F184B08F-C81C-45F6-A57F-5ABD9991F28F}") = "Assignment", "Assignment\Assignment.vbproj", "{DDF17E94-0177-44C0-AE14-7B0D1CCA965B}"
EndProject
Global
	GlobalSection(SolutionConfigurationPlatforms) = preSolution
		Debug|Any CPU = Debug|Any CPU
		Release|Any CPU = Release|Any CPU
	EndGlobalSection
	GlobalSection(ProjectConfigurationPlatforms) = postSolution
		{DDF17E94-0177-44C0-AE14-7B0D1CCA965B}.Debug|Any CPU.ActiveCfg = Debug|Any CPU
		{DDF17E94-0177-44C0-AE14-7B0D1CCA965B}.Debug|Any CPU.Build.0 = Debug|Any CPU
		{DDF17E94-0177-44C0-AE14-7B0D1CCA965B}.Release|Any CPU.ActiveCfg = Release|Any CPU
		{DDF17E94-0177-44C0-AE14-7B0D1CCA965B}.Release|Any CPU.Build.0 = Release|Any CPU
	EndGlobalSection
	GlobalSection(SolutionProperties) = preSolution
		HideSolutionNode = FALSE
	EndGlobalSection
	GlobalSection(ExtensibilityGlobals) = postSolution
		SolutionGuid = {795A54F5-0C7C-4616-B33B-613A30DB90B9}
	EndGlobalSection
EndGlobal
